
Microsoft Visual Studio Solution File, Format Version 12.00
# Visual Studio Version 17
VisualStudioVersion = 17.6.33815.320
MinimumVisualStudioVersion = 10.0.40219.1
Project("{FAE04EC0-301F-11D3-BF4B-00C04F79EFBC}") = "Veritabanı deneme", "Veritabanı deneme\Veritabanı deneme.csproj", "{DCC039E0-8D9B-4878-8D56-AB6C695F4125}"
EndProject
Global
	GlobalSection(SolutionConfigurationPlatforms) = preSolution
		Debug|Any CPU = Debug|Any CPU
		Release|Any CPU = Release|Any CPU
	EndGlobalSection
	GlobalSection(ProjectConfigurationPlatforms) = postSolution
		{DCC039E0-8D9B-4878-8D56-AB6C695F4125}.Debug|Any CPU.ActiveCfg = Debug|Any CPU
		{DCC039E0-8D9B-4878-8D56-AB6C695F4125}.Debug|Any CPU.Build.0 = Debug|Any CPU
		{DCC039E0-8D9B-4878-8D56-AB6C695F4125}.Release|Any CPU.ActiveCfg = Release|Any CPU
		{DCC039E0-8D9B-4878-8D56-AB6C695F4125}.Release|Any CPU.Build.0 = Release|Any CPU
	EndGlobalSection
	GlobalSection(SolutionProperties) = preSolution
		HideSolutionNode = FALSE
	EndGlobalSection
	GlobalSection(ExtensibilityGlobals) = postSolution
		SolutionGuid = {6F63431F-1891-47BD-B731-46ECCE92E817}
	EndGlobalSection
EndGlobal
